// !$*UTF8*$!
{
	archiveVersion = 1;
	classes = {
	};
	objectVersion = 56;
	objects = {

/* Begin PBXBuildFile section */
		452018282D1D85ED003412E6 /* AppDelegate.swift in Sources */ = {isa = PBXBuildFile; fileRef = 452018272D1D85ED003412E6 /* AppDelegate.swift */; };
		4520182A2D1D85ED003412E6 /* SceneDelegate.swift in Sources */ = {isa = PBXBuildFile; fileRef = 452018292D1D85ED003412E6 /* SceneDelegate.swift */; };
		4520182C2D1D85ED003412E6 /* ViewController.swift in Sources */ = {isa = PBXBuildFile; fileRef = 4520182B2D1D85ED003412E6 /* ViewController.swift */; };
		452018312D1D85EF003412E6 /* Assets.xcassets in Resources */ = {isa = PBXBuildFile; fileRef = 452018302D1D85EF003412E6 /* Assets.xcassets */; };
		452018342D1D85EF003412E6 /* LaunchScreen.storyboard in Resources */ = {isa = PBXBuildFile; fileRef = 452018322D1D85EF003412E6 /* LaunchScreen.storyboard */; };
		4520183F2D1D85EF003412E6 /* SwiftViperTestAppTests.swift in Sources */ = {isa = PBXBuildFile; fileRef = 4520183E2D1D85EF003412E6 /* SwiftViperTestAppTests.swift */; };
		452018492D1D85EF003412E6 /* SwiftViperTestAppUITests.swift in Sources */ = {isa = PBXBuildFile; fileRef = 452018482D1D85EF003412E6 /* SwiftViperTestAppUITests.swift */; };
		4520184B2D1D85EF003412E6 /* SwiftViperTestAppUITestsLaunchTests.swift in Sources */ = {isa = PBXBuildFile; fileRef = 4520184A2D1D85EF003412E6 /* SwiftViperTestAppUITestsLaunchTests.swift */; };
		452018582D1D8C94003412E6 /* View.swift in Sources */ = {isa = PBXBuildFile; fileRef = 452018572D1D8C94003412E6 /* View.swift */; };
		4520185A2D1D8CA5003412E6 /* Interactor.swift in Sources */ = {isa = PBXBuildFile; fileRef = 452018592D1D8CA5003412E6 /* Interactor.swift */; };
		4520185C2D1D8CAF003412E6 /* Presenter.swift in Sources */ = {isa = PBXBuildFile; fileRef = 4520185B2D1D8CAF003412E6 /* Presenter.swift */; };
		4520185E2D1D8CB9003412E6 /* Entity.swift in Sources */ = {isa = PBXBuildFile; fileRef = 4520185D2D1D8CB9003412E6 /* Entity.swift */; };
		452018602D1D8CC2003412E6 /* Router.swift in Sources */ = {isa = PBXBuildFile; fileRef = 4520185F2D1D8CC2003412E6 /* Router.swift */; };
/* End PBXBuildFile section */

/* Begin PBXContainerItemProxy section */
		4520183B2D1D85EF003412E6 /* PBXContainerItemProxy */ = {
			isa = PBXContainerItemProxy;
			containerPortal = 4520181C2D1D85ED003412E6 /* Project object */;
			proxyType = 1;
			remoteGlobalIDString = 452018232D1D85ED003412E6;
			remoteInfo = SwiftViperTestApp;
		};
		452018452D1D85EF003412E6 /* PBXContainerItemProxy */ = {
			isa = PBXContainerItemProxy;
			containerPortal = 4520181C2D1D85ED003412E6 /* Project object */;
			proxyType = 1;
			remoteGlobalIDString = 452018232D1D85ED003412E6;
			remoteInfo = SwiftViperTestApp;
		};
/* End PBXContainerItemProxy section */

/* Begin PBXFileReference section */
		452018242D1D85ED003412E6 /* SwiftViperTestApp.app */ = {isa = PBXFileReference; explicitFileType = wrapper.application; includeInIndex = 0; path = SwiftViperTestApp.app; sourceTree = BUILT_PRODUCTS_DIR; };
		452018272D1D85ED003412E6 /* AppDelegate.swift */ = {isa = PBXFileReference; lastKnownFileType = sourcecode.swift; path = AppDelegate.swift; sourceTree = "<group>"; };
		452018292D1D85ED003412E6 /* SceneDelegate.swift */ = {isa = PBXFileReference; lastKnownFileType = sourcecode.swift; path = SceneDelegate.swift; sourceTree = "<group>"; };
		4520182B2D1D85ED003412E6 /* ViewController.swift */ = {isa = PBXFileReference; lastKnownFileType = sourcecode.swift; path = ViewController.swift; sourceTree = "<group>"; };
		452018302D1D85EF003412E6 /* Assets.xcassets */ = {isa = PBXFileReference; lastKnownFileType = folder.assetcatalog; path = Assets.xcassets; sourceTree = "<group>"; };
		452018332D1D85EF003412E6 /* Base */ = {isa = PBXFileReference; lastKnownFileType = file.storyboard; name = Base; path = Base.lproj/LaunchScreen.storyboard; sourceTree = "<group>"; };
		452018352D1D85EF003412E6 /* Info.plist */ = {isa = PBXFileReference; lastKnownFileType = text.plist.xml; path = Info.plist; sourceTree = "<group>"; };
		4520183A2D1D85EF003412E6 /* SwiftViperTestAppTests.xctest */ = {isa = PBXFileReference; explicitFileType = wrapper.cfbundle; includeInIndex = 0; path = SwiftViperTestAppTests.xctest; sourceTree = BUILT_PRODUCTS_DIR; };
		4520183E2D1D85EF003412E6 /* SwiftViperTestAppTests.swift */ = {isa = PBXFileReference; lastKnownFileType = sourcecode.swift; path = SwiftViperTestAppTests.swift; sourceTree = "<group>"; };
		452018442D1D85EF003412E6 /* SwiftViperTestAppUITests.xctest */ = {isa = PBXFileReference; explicitFileType = wrapper.cfbundle; includeInIndex = 0; path = SwiftViperTestAppUITests.xctest; sourceTree = BUILT_PRODUCTS_DIR; };
		452018482D1D85EF003412E6 /* SwiftViperTestAppUITests.swift */ = {isa = PBXFileReference; lastKnownFileType = sourcecode.swift; path = SwiftViperTestAppUITests.swift; sourceTree = "<group>"; };
		4520184A2D1D85EF003412E6 /* SwiftViperTestAppUITestsLaunchTests.swift */ = {isa = PBXFileReference; lastKnownFileType = sourcecode.swift; path = SwiftViperTestAppUITestsLaunchTests.swift; sourceTree = "<group>"; };
		452018572D1D8C94003412E6 /* View.swift */ = {isa = PBXFileReference; lastKnownFileType = sourcecode.swift; path = View.swift; sourceTree = "<group>"; };
		452018592D1D8CA5003412E6 /* Interactor.swift */ = {isa = PBXFileReference; lastKnownFileType = sourcecode.swift; path = Interactor.swift; sourceTree = "<group>"; };
		4520185B2D1D8CAF003412E6 /* Presenter.swift */ = {isa = PBXFileReference; lastKnownFileType = sourcecode.swift; path = Presenter.swift; sourceTree = "<group>"; };
		4520185D2D1D8CB9003412E6 /* Entity.swift */ = {isa = PBXFileReference; lastKnownFileType = sourcecode.swift; path = Entity.swift; sourceTree = "<group>"; };
		4520185F2D1D8CC2003412E6 /* Router.swift */ = {isa = PBXFileReference; lastKnownFileType = sourcecode.swift; path = Router.swift; sourceTree = "<group>"; };
/* End PBXFileReference section */

/* Begin PBXFrameworksBuildPhase section */
		452018212D1D85ED003412E6 /* Frameworks */ = {
			isa = PBXFrameworksBuildPhase;
			buildActionMask = 2147483647;
			files = (
			);
			runOnlyForDeploymentPostprocessing = 0;
		};
		452018372D1D85EF003412E6 /* Frameworks */ = {
			isa = PBXFrameworksBuildPhase;
			buildActionMask = 2147483647;
			files = (
			);
			runOnlyForDeploymentPostprocessing = 0;
		};
		452018412D1D85EF003412E6 /* Frameworks */ = {
			isa = PBXFrameworksBuildPhase;
			buildActionMask = 2147483647;
			files = (
			);
			runOnlyForDeploymentPostprocessing = 0;
		};
/* End PBXFrameworksBuildPhase section */

/* Begin PBXGroup section */
		4520181B2D1D85ED003412E6 = {
			isa = PBXGroup;
			children = (
				452018262D1D85ED003412E6 /* SwiftViperTestApp */,
				4520183D2D1D85EF003412E6 /* SwiftViperTestAppTests */,
				452018472D1D85EF003412E6 /* SwiftViperTestAppUITests */,
				452018252D1D85ED003412E6 /* Products */,
			);
			sourceTree = "<group>";
		};
		452018252D1D85ED003412E6 /* Products */ = {
			isa = PBXGroup;
			children = (
				452018242D1D85ED003412E6 /* SwiftViperTestApp.app */,
				4520183A2D1D85EF003412E6 /* SwiftViperTestAppTests.xctest */,
				452018442D1D85EF003412E6 /* SwiftViperTestAppUITests.xctest */,
			);
			name = Products;
			sourceTree = "<group>";
		};
		452018262D1D85ED003412E6 /* SwiftViperTestApp */ = {
			isa = PBXGroup;
			children = (
				452018272D1D85ED003412E6 /* AppDelegate.swift */,
				452018292D1D85ED003412E6 /* SceneDelegate.swift */,
				4520182B2D1D85ED003412E6 /* ViewController.swift */,
				452018302D1D85EF003412E6 /* Assets.xcassets */,
				452018322D1D85EF003412E6 /* LaunchScreen.storyboard */,
				452018352D1D85EF003412E6 /* Info.plist */,
				452018572D1D8C94003412E6 /* View.swift */,
				452018592D1D8CA5003412E6 /* Interactor.swift */,
				4520185B2D1D8CAF003412E6 /* Presenter.swift */,
				4520185D2D1D8CB9003412E6 /* Entity.swift */,
				4520185F2D1D8CC2003412E6 /* Router.swift */,
			);
			path = SwiftViperTestApp;
			sourceTree = "<group>";
		};
		4520183D2D1D85EF003412E6 /* SwiftViperTestAppTests */ = {
			isa = PBXGroup;
			children = (
				4520183E2D1D85EF003412E6 /* SwiftViperTestAppTests.swift */,
			);
			path = SwiftViperTestAppTests;
			sourceTree = "<group>";
		};
		452018472D1D85EF003412E6 /* SwiftViperTestAppUITests */ = {
			isa = PBXGroup;
			children = (
				452018482D1D85EF003412E6 /* SwiftViperTestAppUITests.swift */,
				4520184A2D1D85EF003412E6 /* SwiftViperTestAppUITestsLaunchTests.swift */,
			);
			path = SwiftViperTestAppUITests;
			sourceTree = "<group>";
		};
/* End PBXGroup section */

/* Begin PBXNativeTarget section */
		452018232D1D85ED003412E6 /* SwiftViperTestApp */ = {
			isa = PBXNativeTarget;
			buildConfigurationList = 4520184E2D1D85EF003412E6 /* Build configuration list for PBXNativeTarget "SwiftViperTestApp" */;
			buildPhases = (
				452018202D1D85ED003412E6 /* Sources */,
				452018212D1D85ED003412E6 /* Frameworks */,
				452018222D1D85ED003412E6 /* Resources */,
			);
			buildRules = (
			);
			dependencies = (
			);
			name = SwiftViperTestApp;
			productName = SwiftViperTestApp;
			productReference = 452018242D1D85ED003412E6 /* SwiftViperTestApp.app */;
			productType = "com.apple.product-type.application";
		};
		452018392D1D85EF003412E6 /* SwiftViperTestAppTests */ = {
			isa = PBXNativeTarget;
			buildConfigurationList = 452018512D1D85EF003412E6 /* Build configuration list for PBXNativeTarget "SwiftViperTestAppTests" */;
			buildPhases = (
				452018362D1D85EF003412E6 /* Sources */,
				452018372D1D85EF003412E6 /* Frameworks */,
				452018382D1D85EF003412E6 /* Resources */,
			);
			buildRules = (
			);
			dependencies = (
				4520183C2D1D85EF003412E6 /* PBXTargetDependency */,
			);
			name = SwiftViperTestAppTests;
			productName = SwiftViperTestAppTests;
			productReference = 4520183A2D1D85EF003412E6 /* SwiftViperTestAppTests.xctest */;
			productType = "com.apple.product-type.bundle.unit-test";
		};
		452018432D1D85EF003412E6 /* SwiftViperTestAppUITests */ = {
			isa = PBXNativeTarget;
			buildConfigurationList = 452018542D1D85EF003412E6 /* Build configuration list for PBXNativeTarget "SwiftViperTestAppUITests" */;
			buildPhases = (
				452018402D1D85EF003412E6 /* Sources */,
				452018412D1D85EF003412E6 /* Frameworks */,
				452018422D1D85EF003412E6 /* Resources */,
			);
			buildRules = (
			);
			dependencies = (
				452018462D1D85EF003412E6 /* PBXTargetDependency */,
			);
			name = SwiftViperTestAppUITests;
			productName = SwiftViperTestAppUITests;
			productReference = 452018442D1D85EF003412E6 /* SwiftViperTestAppUITests.xctest */;
			productType = "com.apple.product-type.bundle.ui-testing";
		};
/* End PBXNativeTarget section */

/* Begin PBXProject section */
		4520181C2D1D85ED003412E6 /* Project object */ = {
			isa = PBXProject;
			attributes = {
				BuildIndependentTargetsInParallel = 1;
				LastSwiftUpdateCheck = 1500;
				LastUpgradeCheck = 1500;
				TargetAttributes = {
					452018232D1D85ED003412E6 = {
						CreatedOnToolsVersion = 15.0.1;
					};
					452018392D1D85EF003412E6 = {
						CreatedOnToolsVersion = 15.0.1;
						TestTargetID = 452018232D1D85ED003412E6;
					};
					452018432D1D85EF003412E6 = {
						CreatedOnToolsVersion = 15.0.1;
						TestTargetID = 452018232D1D85ED003412E6;
					};
				};
			};
			buildConfigurationList = 4520181F2D1D85ED003412E6 /* Build configuration list for PBXProject "SwiftViperTestApp" */;
			compatibilityVersion = "Xcode 14.0";
			developmentRegion = en;
			hasScannedForEncodings = 0;
			knownRegions = (
				en,
				Base,
			);
			mainGroup = 4520181B2D1D85ED003412E6;
			productRefGroup = 452018252D1D85ED003412E6 /* Products */;
			projectDirPath = "";
			projectRoot = "";
			targets = (
				452018232D1D85ED003412E6 /* SwiftViperTestApp */,
				452018392D1D85EF003412E6 /* SwiftViperTestAppTests */,
				452018432D1D85EF003412E6 /* SwiftViperTestAppUITests */,
			);
		};
/* End PBXProject section */

/* Begin PBXResourcesBuildPhase section */
		452018222D1D85ED003412E6 /* Resources */ = {
			isa = PBXResourcesBuildPhase;
			buildActionMask = 2147483647;
			files = (
				452018342D1D85EF003412E6 /* LaunchScreen.storyboard in Resources */,
				452018312D1D85EF003412E6 /* Assets.xcassets in Resources */,
			);
			runOnlyForDeploymentPostprocessing = 0;
		};
		452018382D1D85EF003412E6 /* Resources */ = {
			isa = PBXResourcesBuildPhase;
			buildActionMask = 2147483647;
			files = (
			);
			runOnlyForDeploymentPostprocessing = 0;
		};
		452018422D1D85EF003412E6 /* Resources */ = {
			isa = PBXResourcesBuildPhase;
			buildActionMask = 2147483647;
			files = (
			);
			runOnlyForDeploymentPostprocessing = 0;
		};
/* End PBXResourcesBuildPhase section */

/* Begin PBXSourcesBuildPhase section */
		452018202D1D85ED003412E6 /* Sources */ = {
			isa = PBXSourcesBuildPhase;
			buildActionMask = 2147483647;
			files = (
				452018602D1D8CC2003412E6 /* Router.swift in Sources */,
				4520185C2D1D8CAF003412E6 /* Presenter.swift in Sources */,
				452018582D1D8C94003412E6 /* View.swift in Sources */,
				4520185E2D1D8CB9003412E6 /* Entity.swift in Sources */,
				4520182C2D1D85ED003412E6 /* ViewController.swift in Sources */,
				4520185A2D1D8CA5003412E6 /* Interactor.swift in Sources */,
				452018282D1D85ED003412E6 /* AppDelegate.swift in Sources */,
				4520182A2D1D85ED003412E6 /* SceneDelegate.swift in Sources */,
			);
			runOnlyForDeploymentPostprocessing = 0;
		};
		452018362D1D85EF003412E6 /* Sources */ = {
			isa = PBXSourcesBuildPhase;
			buildActionMask = 2147483647;
			files = (
				4520183F2D1D85EF003412E6 /* SwiftViperTestAppTests.swift in Sources */,
			);
			runOnlyForDeploymentPostprocessing = 0;
		};
		452018402D1D85EF003412E6 /* Sources */ = {
			isa = PBXSourcesBuildPhase;
			buildActionMask = 2147483647;
			files = (
				452018492D1D85EF003412E6 /* SwiftViperTestAppUITests.swift in Sources */,
				4520184B2D1D85EF003412E6 /* SwiftViperTestAppUITestsLaunchTests.swift in Sources */,
			);
			runOnlyForDeploymentPostprocessing = 0;
		};
/* End PBXSourcesBuildPhase section */

/* Begin PBXTargetDependency section */
		4520183C2D1D85EF003412E6 /* PBXTargetDependency */ = {
			isa = PBXTargetDependency;
			target = 452018232D1D85ED003412E6 /* SwiftViperTestApp */;
			targetProxy = 4520183B2D1D85EF003412E6 /* PBXContainerItemProxy */;
		};
		452018462D1D85EF003412E6 /* PBXTargetDependency */ = {
			isa = PBXTargetDependency;
			target = 452018232D1D85ED003412E6 /* SwiftViperTestApp */;
			targetProxy = 452018452D1D85EF003412E6 /* PBXContainerItemProxy */;
		};
/* End PBXTargetDependency section */

/* Begin PBXVariantGroup section */
		452018322D1D85EF003412E6 /* LaunchScreen.storyboard */ = {
			isa = PBXVariantGroup;
			children = (
				452018332D1D85EF003412E6 /* Base */,
			);
			name = LaunchScreen.storyboard;
			sourceTree = "<group>";
		};
/* End PBXVariantGroup section */

/* Begin XCBuildConfiguration section */
		4520184C2D1D85EF003412E6 /* Debug */ = {
			isa = XCBuildConfiguration;
			buildSettings = {
				ALWAYS_SEARCH_USER_PATHS = NO;
				ASSETCATALOG_COMPILER_GENERATE_SWIFT_ASSET_SYMBOL_EXTENSIONS = YES;
				CLANG_ANALYZER_NONNULL = YES;
				CLANG_ANALYZER_NUMBER_OBJECT_CONVERSION = YES_AGGRESSIVE;
				CLANG_CXX_LANGUAGE_STANDARD = "gnu++20";
				CLANG_ENABLE_MODULES = YES;
				CLANG_ENABLE_OBJC_ARC = YES;
				CLANG_ENABLE_OBJC_WEAK = YES;
				CLANG_WARN_BLOCK_CAPTURE_AUTORELEASING = YES;
				CLANG_WARN_BOOL_CONVERSION = YES;
				CLANG_WARN_COMMA = YES;
				CLANG_WARN_CONSTANT_CONVERSION = YES;
				CLANG_WARN_DEPRECATED_OBJC_IMPLEMENTATIONS = YES;
				CLANG_WARN_DIRECT_OBJC_ISA_USAGE = YES_ERROR;
				CLANG_WARN_DOCUMENTATION_COMMENTS = YES;
				CLANG_WARN_EMPTY_BODY = YES;
				CLANG_WARN_ENUM_CONVERSION = YES;
				CLANG_WARN_INFINITE_RECURSION = YES;
				CLANG_WARN_INT_CONVERSION = YES;
				CLANG_WARN_NON_LITERAL_NULL_CONVERSION = YES;
				CLANG_WARN_OBJC_IMPLICIT_RETAIN_SELF = YES;
				CLANG_WARN_OBJC_LITERAL_CONVERSION = YES;
				CLANG_WARN_OBJC_ROOT_CLASS = YES_ERROR;
				CLANG_WARN_QUOTED_INCLUDE_IN_FRAMEWORK_HEADER = YES;
				CLANG_WARN_RANGE_LOOP_ANALYSIS = YES;
				CLANG_WARN_STRICT_PROTOTYPES = YES;
				CLANG_WARN_SUSPICIOUS_MOVE = YES;
				CLANG_WARN_UNGUARDED_AVAILABILITY = YES_AGGRESSIVE;
				CLANG_WARN_UNREACHABLE_CODE = YES;
				CLANG_WARN__DUPLICATE_METHOD_MATCH = YES;
				COPY_PHASE_STRIP = NO;
				DEBUG_INFORMATION_FORMAT = dwarf;
				ENABLE_STRICT_OBJC_MSGSEND = YES;
				ENABLE_TESTABILITY = YES;
				ENABLE_USER_SCRIPT_SANDBOXING = YES;
				GCC_C_LANGUAGE_STANDARD = gnu17;
				GCC_DYNAMIC_NO_PIC = NO;
				GCC_NO_COMMON_BLOCKS = YES;
				GCC_OPTIMIZATION_LEVEL = 0;
				GCC_PREPROCESSOR_DEFINITIONS = (
					"DEBUG=1",
					"$(inherited)",
				);
				GCC_WARN_64_TO_32_BIT_CONVERSION = YES;
				GCC_WARN_ABOUT_RETURN_TYPE = YES_ERROR;
				GCC_WARN_UNDECLARED_SELECTOR = YES;
				GCC_WARN_UNINITIALIZED_AUTOS = YES_AGGRESSIVE;
				GCC_WARN_UNUSED_FUNCTION = YES;
				GCC_WARN_UNUSED_VARIABLE = YES;
				IPHONEOS_DEPLOYMENT_TARGET = 17.0;
				LOCALIZATION_PREFERS_STRING_CATALOGS = YES;
				MTL_ENABLE_DEBUG_INFO = INCLUDE_SOURCE;
				MTL_FAST_MATH = YES;
				ONLY_ACTIVE_ARCH = YES;
				SDKROOT = iphoneos;
				SWIFT_ACTIVE_COMPILATION_CONDITIONS = "DEBUG $(inherited)";
				SWIFT_OPTIMIZATION_LEVEL = "-Onone";
			};
			name = Debug;
		};
		4520184D2D1D85EF003412E6 /* Release */ = {
			isa = XCBuildConfiguration;
			buildSettings = {
				ALWAYS_SEARCH_USER_PATHS = NO;
				ASSETCATALOG_COMPILER_GENERATE_SWIFT_ASSET_SYMBOL_EXTENSIONS = YES;
				CLANG_ANALYZER_NONNULL = YES;
				CLANG_ANALYZER_NUMBER_OBJECT_CONVERSION = YES_AGGRESSIVE;
				CLANG_CXX_LANGUAGE_STANDARD = "gnu++20";
				CLANG_ENABLE_MODULES = YES;
				CLANG_ENABLE_OBJC_ARC = YES;
				CLANG_ENABLE_OBJC_WEAK = YES;
				CLANG_WARN_BLOCK_CAPTURE_AUTORELEASING = YES;
				CLANG_WARN_BOOL_CONVERSION = YES;
				CLANG_WARN_COMMA = YES;
				CLANG_WARN_CONSTANT_CONVERSION = YES;
				CLANG_WARN_DEPRECATED_OBJC_IMPLEMENTATIONS = YES;
				CLANG_WARN_DIRECT_OBJC_ISA_USAGE = YES_ERROR;
				CLANG_WARN_DOCUMENTATION_COMMENTS = YES;
				CLANG_WARN_EMPTY_BODY = YES;
				CLANG_WARN_ENUM_CONVERSION = YES;
				CLANG_WARN_INFINITE_RECURSION = YES;
				CLANG_WARN_INT_CONVERSION = YES;
				CLANG_WARN_NON_LITERAL_NULL_CONVERSION = YES;
				CLANG_WARN_OBJC_IMPLICIT_RETAIN_SELF = YES;
				CLANG_WARN_OBJC_LITERAL_CONVERSION = YES;
				CLANG_WARN_OBJC_ROOT_CLASS = YES_ERROR;
				CLANG_WARN_QUOTED_INCLUDE_IN_FRAMEWORK_HEADER = YES;
				CLANG_WARN_RANGE_LOOP_ANALYSIS = YES;
				CLANG_WARN_STRICT_PROTOTYPES = YES;
				CLANG_WARN_SUSPICIOUS_MOVE = YES;
				CLANG_WARN_UNGUARDED_AVAILABILITY = YES_AGGRESSIVE;
				CLANG_WARN_UNREACHABLE_CODE = YES;
				CLANG_WARN__DUPLICATE_METHOD_MATCH = YES;
				COPY_PHASE_STRIP = NO;
				DEBUG_INFORMATION_FORMAT = "dwarf-with-dsym";
				ENABLE_NS_ASSERTIONS = NO;
				ENABLE_STRICT_OBJC_MSGSEND = YES;
				ENABLE_USER_SCRIPT_SANDBOXING = YES;
				GCC_C_LANGUAGE_STANDARD = gnu17;
				GCC_NO_COMMON_BLOCKS = YES;
				GCC_WARN_64_TO_32_BIT_CONVERSION = YES;
				GCC_WARN_ABOUT_RETURN_TYPE = YES_ERROR;
				GCC_WARN_UNDECLARED_SELECTOR = YES;
				GCC_WARN_UNINITIALIZED_AUTOS = YES_AGGRESSIVE;
				GCC_WARN_UNUSED_FUNCTION = YES;
				GCC_WARN_UNUSED_VARIABLE = YES;
				IPHONEOS_DEPLOYMENT_TARGET = 17.0;
				LOCALIZATION_PREFERS_STRING_CATALOGS = YES;
				MTL_ENABLE_DEBUG_INFO = NO;
				MTL_FAST_MATH = YES;
				SDKROOT = iphoneos;
				SWIFT_COMPILATION_MODE = wholemodule;
				VALIDATE_PRODUCT = YES;
			};
			name = Release;
		};
		4520184F2D1D85EF003412E6 /* Debug */ = {
			isa = XCBuildConfiguration;
			buildSettings = {
				ASSETCATALOG_COMPILER_APPICON_NAME = AppIcon;
				ASSETCATALOG_COMPILER_GLOBAL_ACCENT_COLOR_NAME = AccentColor;
				CODE_SIGN_STYLE = Automatic;
				CURRENT_PROJECT_VERSION = 1;
				DEVELOPMENT_TEAM = A6RAK7H465;
				GENERATE_INFOPLIST_FILE = YES;
				INFOPLIST_FILE = SwiftViperTestApp/Info.plist;
				INFOPLIST_KEY_UIApplicationSupportsIndirectInputEvents = YES;
				INFOPLIST_KEY_UILaunchStoryboardName = LaunchScreen;
				INFOPLIST_KEY_UISupportedInterfaceOrientations_iPad = "UIInterfaceOrientationPortrait UIInterfaceOrientationPortraitUpsideDown UIInterfaceOrientationLandscapeLeft UIInterfaceOrientationLandscapeRight";
				INFOPLIST_KEY_UISupportedInterfaceOrientations_iPhone = "UIInterfaceOrientationPortrait UIInterfaceOrientationLandscapeLeft UIInterfaceOrientationLandscapeRight";
				LD_RUNPATH_SEARCH_PATHS = (
					"$(inherited)",
					"@executable_path/Frameworks",
				);
				MARKETING_VERSION = 1.0;
				PRODUCT_BUNDLE_IDENTIFIER = com.berkaysazak.SwiftViperTestApp;
				PRODUCT_NAME = "$(TARGET_NAME)";
				SWIFT_EMIT_LOC_STRINGS = YES;
				SWIFT_VERSION = 5.0;
				TARGETED_DEVICE_FAMILY = "1,2";
			};
			name = Debug;
		};
		452018502D1D85EF003412E6 /* Release */ = {
			isa = XCBuildConfiguration;
			buildSettings = {
				ASSETCATALOG_COMPILER_APPICON_NAME = AppIcon;
				ASSETCATALOG_COMPILER_GLOBAL_ACCENT_COLOR_NAME = AccentColor;
				CODE_SIGN_STYLE = Automatic;
				CURRENT_PROJECT_VERSION = 1;
				DEVELOPMENT_TEAM = A6RAK7H465;
				GENERATE_INFOPLIST_FILE = YES;
				INFOPLIST_FILE = SwiftViperTestApp/Info.plist;
				INFOPLIST_KEY_UIApplicationSupportsIndirectInputEvents = YES;
				INFOPLIST_KEY_UILaunchStoryboardName = LaunchScreen;
				INFOPLIST_KEY_UISupportedInterfaceOrientations_iPad = "UIInterfaceOrientationPortrait UIInterfaceOrientationPortraitUpsideDown UIInterfaceOrientationLandscapeLeft UIInterfaceOrientationLandscapeRight";
				INFOPLIST_KEY_UISupportedInterfaceOrientations_iPhone = "UIInterfaceOrientationPortrait UIInterfaceOrientationLandscapeLeft UIInterfaceOrientationLandscapeRight";
				LD_RUNPATH_SEARCH_PATHS = (
					"$(inherited)",
					"@executable_path/Frameworks",
				);
				MARKETING_VERSION = 1.0;
				PRODUCT_BUNDLE_IDENTIFIER = com.berkaysazak.SwiftViperTestApp;
				PRODUCT_NAME = "$(TARGET_NAME)";
				SWIFT_EMIT_LOC_STRINGS = YES;
				SWIFT_VERSION = 5.0;
				TARGETED_DEVICE_FAMILY = "1,2";
			};
			name = Release;
		};
		452018522D1D85EF003412E6 /* Debug */ = {
			isa = XCBuildConfiguration;
			buildSettings = {
				ALWAYS_EMBED_SWIFT_STANDARD_LIBRARIES = YES;
				BUNDLE_LOADER = "$(TEST_HOST)";
				CODE_SIGN_STYLE = Automatic;
				CURRENT_PROJECT_VERSION = 1;
				DEVELOPMENT_TEAM = A6RAK7H465;
				GENERATE_INFOPLIST_FILE = YES;
				IPHONEOS_DEPLOYMENT_TARGET = 17.0;
				MARKETING_VERSION = 1.0;
				PRODUCT_BUNDLE_IDENTIFIER = com.berkaysazak.SwiftViperTestAppTests;
				PRODUCT_NAME = "$(TARGET_NAME)";
				SWIFT_EMIT_LOC_STRINGS = NO;
				SWIFT_VERSION = 5.0;
				TARGETED_DEVICE_FAMILY = "1,2";
				TEST_HOST = "$(BUILT_PRODUCTS_DIR)/SwiftViperTestApp.app/$(BUNDLE_EXECUTABLE_FOLDER_PATH)/SwiftViperTestApp";
			};
			name = Debug;
		};
		452018532D1D85EF003412E6 /* Release */ = {
			isa = XCBuildConfiguration;
			buildSettings = {
				ALWAYS_EMBED_SWIFT_STANDARD_LIBRARIES = YES;
				BUNDLE_LOADER = "$(TEST_HOST)";
				CODE_SIGN_STYLE = Automatic;
				CURRENT_PROJECT_VERSION = 1;
				DEVELOPMENT_TEAM = A6RAK7H465;
				GENERATE_INFOPLIST_FILE = YES;
				IPHONEOS_DEPLOYMENT_TARGET = 17.0;
				MARKETING_VERSION = 1.0;
				PRODUCT_BUNDLE_IDENTIFIER = com.berkaysazak.SwiftViperTestAppTests;
				PRODUCT_NAME = "$(TARGET_NAME)";
				SWIFT_EMIT_LOC_STRINGS = NO;
				SWIFT_VERSION = 5.0;
				TARGETED_DEVICE_FAMILY = "1,2";
				TEST_HOST = "$(BUILT_PRODUCTS_DIR)/SwiftViperTestApp.app/$(BUNDLE_EXECUTABLE_FOLDER_PATH)/SwiftViperTestApp";
			};
			name = Release;
		};
		452018552D1D85EF003412E6 /* Debug */ = {
			isa = XCBuildConfiguration;
			buildSettings = {
				ALWAYS_EMBED_SWIFT_STANDARD_LIBRARIES = YES;
				CODE_SIGN_STYLE = Automatic;
				CURRENT_PROJECT_VERSION = 1;
				DEVELOPMENT_TEAM = A6RAK7H465;
				GENERATE_INFOPLIST_FILE = YES;
				MARKETING_VERSION = 1.0;
				PRODUCT_BUNDLE_IDENTIFIER = com.berkaysazak.SwiftViperTestAppUITests;
				PRODUCT_NAME = "$(TARGET_NAME)";
				SWIFT_EMIT_LOC_STRINGS = NO;
				SWIFT_VERSION = 5.0;
				TARGETED_DEVICE_FAMILY = "1,2";
				TEST_TARGET_NAME = SwiftViperTestApp;
			};
			name = Debug;
		};
		452018562D1D85EF003412E6 /* Release */ = {
			isa = XCBuildConfiguration;
			buildSettings = {
				ALWAYS_EMBED_SWIFT_STANDARD_LIBRARIES = YES;
				CODE_SIGN_STYLE = Automatic;
				CURRENT_PROJECT_VERSION = 1;
				DEVELOPMENT_TEAM = A6RAK7H465;
				GENERATE_INFOPLIST_FILE = YES;
				MARKETING_VERSION = 1.0;
				PRODUCT_BUNDLE_IDENTIFIER = com.berkaysazak.SwiftViperTestAppUITests;
				PRODUCT_NAME = "$(TARGET_NAME)";
				SWIFT_EMIT_LOC_STRINGS = NO;
				SWIFT_VERSION = 5.0;
				TARGETED_DEVICE_FAMILY = "1,2";
				TEST_TARGET_NAME = SwiftViperTestApp;
			};
			name = Release;
		};
/* End XCBuildConfiguration section */

/* Begin XCConfigurationList section */
		4520181F2D1D85ED003412E6 /* Build configuration list for PBXProject "SwiftViperTestApp" */ = {
			isa = XCConfigurationList;
			buildConfigurations = (
				4520184C2D1D85EF003412E6 /* Debug */,
				4520184D2D1D85EF003412E6 /* Release */,
			);
			defaultConfigurationIsVisible = 0;
			defaultConfigurationName = Release;
		};
		4520184E2D1D85EF003412E6 /* Build configuration list for PBXNativeTarget "SwiftViperTestApp" */ = {
			isa = XCConfigurationList;
			buildConfigurations = (
				4520184F2D1D85EF003412E6 /* Debug */,
				452018502D1D85EF003412E6 /* Release */,
			);
			defaultConfigurationIsVisible = 0;
			defaultConfigurationName = Release;
		};
		452018512D1D85EF003412E6 /* Build configuration list for PBXNativeTarget "SwiftViperTestAppTests" */ = {
			isa = XCConfigurationList;
			buildConfigurations = (
				452018522D1D85EF003412E6 /* Debug */,
				452018532D1D85EF003412E6 /* Release */,
			);
			defaultConfigurationIsVisible = 0;
			defaultConfigurationName = Release;
		};
		452018542D1D85EF003412E6 /* Build configuration list for PBXNativeTarget "SwiftViperTestAppUITests" */ = {
			isa = XCConfigurationList;
			buildConfigurations = (
				452018552D1D85EF003412E6 /* Debug */,
				452018562D1D85EF003412E6 /* Release */,
			);
			defaultConfigurationIsVisible = 0;
			defaultConfigurationName = Release;
		};
/* End XCConfigurationList section */
	};
	rootObject = 4520181C2D1D85ED003412E6 /* Project object */;
}
